
Microsoft Visual Studio Solution File, Format Version 12.00
Project("{2150E333-8FDC-42A3-9474-1A3956D46DE8}") = "RewardsCatalogMicroservice", "RewardsCatalogMicroservice", "{49DEB2BF-5A5F-4F96-AC8F-DD8165A61F7D}"
EndProject
Project("{2150E333-8FDC-42A3-9474-1A3956D46DE8}") = "CustomerEngagementMicroservice", "CustomerEngagementMicroservice", "{757C7B6F-2504-4B24-AF6E-1E3FBDC94C49}"
EndProject
Project("{2150E333-8FDC-42A3-9474-1A3956D46DE8}") = "MembershipManagementMicroservice", "MembershipManagementMicroservice", "{92BEE76B-1A3F-4427-A146-B9AF9A728529}"
EndProject
Project("{2150E333-8FDC-42A3-9474-1A3956D46DE8}") = "CustomerRegistrationAndAuthMicroservice", "CustomerRegistrationAndAuthMicroservice", "{B4D0F50D-B563-43A7-8E22-E018E4654FA4}"
EndProject
Project("{2150E333-8FDC-42A3-9474-1A3956D46DE8}") = "TransactionMicroservice", "TransactionMicroservice", "{057C9926-1AD6-4E76-85BF-8AE01C0D1B87}"
EndProject
Project("{FAE04EC0-301F-11D3-BF4B-00C04F79EFBC}") = "CustomerEngagementAPI", "CustomerEngagementAPI\CustomerEngagementAPI.csproj", "{BBBA7E47-9371-477A-BE60-FE85EE3C6DC1}"
EndProject
Project("{FAE04EC0-301F-11D3-BF4B-00C04F79EFBC}") = "CustomerEngagementAPI.Core", "CustomerEngagementAPI.Core\CustomerEngagementAPI.Core.csproj", "{ED433B54-28D4-4753-9227-859D651EBF58}"
EndProject
Project("{FAE04EC0-301F-11D3-BF4B-00C04F79EFBC}") = "CustomerEngagementAPI.Infrastructure", "CustomerEngagementAPI.Infrastructure\CustomerEngagementAPI.Infrastructure.csproj", "{432BF1B2-0B2D-4419-B7B9-FBFB47AE2A2B}"
EndProject
Project("{FAE04EC0-301F-11D3-BF4B-00C04F79EFBC}") = "CustomerRegistrationAndAuthAPI", "CustomerRegistrationAndAuthAPI\CustomerRegistrationAndAuthAPI.csproj", "{7C5C00BF-28CC-4385-B173-F91644E5F268}"
EndProject
Project("{FAE04EC0-301F-11D3-BF4B-00C04F79EFBC}") = "CustomerRegistrationAndAuthAPI.Core", "CustomerRegistrationAndAuthAPI.Core\CustomerRegistrationAndAuthAPI.Core.csproj", "{CDA066E1-97D6-431E-9DA4-CB24CD856F43}"
EndProject
Project("{FAE04EC0-301F-11D3-BF4B-00C04F79EFBC}") = "CustomerRegistrationAndAuthAPI.Infrastructure", "CustomerRegistrationAndAuthAPI.Infrastructure\CustomerRegistrationAndAuthAPI.Infrastructure.csproj", "{FA17A474-0F02-4EF3-B7CE-812C043F2B29}"
EndProject
Project("{FAE04EC0-301F-11D3-BF4B-00C04F79EFBC}") = "MembershipManagementAPI", "MembershipManagementAPI\MembershipManagementAPI.csproj", "{F33B0337-2775-4EC2-849C-9094275BA2AA}"
EndProject
Project("{FAE04EC0-301F-11D3-BF4B-00C04F79EFBC}") = "MembershipManagementAPI.Core", "MembershipManagementAPI.Core\MembershipManagementAPI.Core.csproj", "{395791A2-7F79-4162-A5B9-F83DF3225400}"
EndProject
Project("{FAE04EC0-301F-11D3-BF4B-00C04F79EFBC}") = "MembershipManagementAPI.Infrastructure", "MembershipManagementAPI.Infrastructure\MembershipManagementAPI.Infrastructure.csproj", "{40C0D453-4048-4BDF-9826-94EB591FA7F8}"
EndProject
Project("{FAE04EC0-301F-11D3-BF4B-00C04F79EFBC}") = "RewardsCatalogAPI", "RewardsCatalogAPI\RewardsCatalogAPI.csproj", "{5E7BB97D-F604-4F10-A6AB-B5C9141BBD15}"
EndProject
Project("{FAE04EC0-301F-11D3-BF4B-00C04F79EFBC}") = "RewardsCatalogAPI.Core", "RewardsCatalogAPI.Core\RewardsCatalogAPI.Core.csproj", "{804FA3AF-24BE-4947-9678-83DDA9F53A2B}"
EndProject
Project("{FAE04EC0-301F-11D3-BF4B-00C04F79EFBC}") = "RewardsCatalogAPI.Infrastructure", "RewardsCatalogAPI.Infrastructure\RewardsCatalogAPI.Infrastructure.csproj", "{D216FAF5-FAB2-4789-9EC7-DE265F7F84CC}"
EndProject
Project("{FAE04EC0-301F-11D3-BF4B-00C04F79EFBC}") = "TransactionAPI", "TransactionAPI\TransactionAPI.csproj", "{DEB3674E-E506-441F-9F23-310C3EA7A12B}"
EndProject
Project("{FAE04EC0-301F-11D3-BF4B-00C04F79EFBC}") = "TransactionAPI.Core", "TransactionAPI.Core\TransactionAPI.Core.csproj", "{77885035-1BB1-4FC0-BBDC-95A4CBEEE97F}"
EndProject
Project("{FAE04EC0-301F-11D3-BF4B-00C04F79EFBC}") = "TransactionAPI.Infrastructure", "TransactionAPI.Infrastructure\TransactionAPI.Infrastructure.csproj", "{45C07C42-A264-4D92-8CAD-B64FA20EB168}"
EndProject
Project("{2150E333-8FDC-42A3-9474-1A3956D46DE8}") = "PointsManagementMicroservice", "PointsManagementMicroservice", "{2D334B61-B1DC-411A-A353-24EB09BA76B7}"
EndProject
Project("{FAE04EC0-301F-11D3-BF4B-00C04F79EFBC}") = "PointsManagementAPI", "PointsManagementAPI\PointsManagementAPI.csproj", "{7E192632-9A55-40B1-B2E0-A9D2B72F4C4C}"
EndProject
Project("{FAE04EC0-301F-11D3-BF4B-00C04F79EFBC}") = "PointsManagementAPI.Core", "PointsManagementAPI.Core\PointsManagementAPI.Core.csproj", "{C5032957-5840-4050-AC1A-68EF593D6AF5}"
EndProject
Project("{FAE04EC0-301F-11D3-BF4B-00C04F79EFBC}") = "PointsManagementAPI.Infrastructure", "PointsManagementAPI.Infrastructure\PointsManagementAPI.Infrastructure.csproj", "{64F9E187-D3A5-44ED-939A-894AE6D97A68}"
EndProject
Project("{2150E333-8FDC-42A3-9474-1A3956D46DE8}") = "Solution Items", "Solution Items", "{38A4427E-59F3-4DFF-8B10-7E9118CD4DBD}"
	ProjectSection(SolutionItems) = preProject
		docker-compose.yml = docker-compose.yml
	EndProjectSection
EndProject
Global
	GlobalSection(SolutionConfigurationPlatforms) = preSolution
		Debug|Any CPU = Debug|Any CPU
		Release|Any CPU = Release|Any CPU
	EndGlobalSection
	GlobalSection(ProjectConfigurationPlatforms) = postSolution
		{BBBA7E47-9371-477A-BE60-FE85EE3C6DC1}.Debug|Any CPU.ActiveCfg = Debug|Any CPU
		{BBBA7E47-9371-477A-BE60-FE85EE3C6DC1}.Debug|Any CPU.Build.0 = Debug|Any CPU
		{BBBA7E47-9371-477A-BE60-FE85EE3C6DC1}.Release|Any CPU.ActiveCfg = Release|Any CPU
		{BBBA7E47-9371-477A-BE60-FE85EE3C6DC1}.Release|Any CPU.Build.0 = Release|Any CPU
		{ED433B54-28D4-4753-9227-859D651EBF58}.Debug|Any CPU.ActiveCfg = Debug|Any CPU
		{ED433B54-28D4-4753-9227-859D651EBF58}.Debug|Any CPU.Build.0 = Debug|Any CPU
		{ED433B54-28D4-4753-9227-859D651EBF58}.Release|Any CPU.ActiveCfg = Release|Any CPU
		{ED433B54-28D4-4753-9227-859D651EBF58}.Release|Any CPU.Build.0 = Release|Any CPU
		{432BF1B2-0B2D-4419-B7B9-FBFB47AE2A2B}.Debug|Any CPU.ActiveCfg = Debug|Any CPU
		{432BF1B2-0B2D-4419-B7B9-FBFB47AE2A2B}.Debug|Any CPU.Build.0 = Debug|Any CPU
		{432BF1B2-0B2D-4419-B7B9-FBFB47AE2A2B}.Release|Any CPU.ActiveCfg = Release|Any CPU
		{432BF1B2-0B2D-4419-B7B9-FBFB47AE2A2B}.Release|Any CPU.Build.0 = Release|Any CPU
		{7C5C00BF-28CC-4385-B173-F91644E5F268}.Debug|Any CPU.ActiveCfg = Debug|Any CPU
		{7C5C00BF-28CC-4385-B173-F91644E5F268}.Debug|Any CPU.Build.0 = Debug|Any CPU
		{7C5C00BF-28CC-4385-B173-F91644E5F268}.Release|Any CPU.ActiveCfg = Release|Any CPU
		{7C5C00BF-28CC-4385-B173-F91644E5F268}.Release|Any CPU.Build.0 = Release|Any CPU
		{CDA066E1-97D6-431E-9DA4-CB24CD856F43}.Debug|Any CPU.ActiveCfg = Debug|Any CPU
		{CDA066E1-97D6-431E-9DA4-CB24CD856F43}.Debug|Any CPU.Build.0 = Debug|Any CPU
		{CDA066E1-97D6-431E-9DA4-CB24CD856F43}.Release|Any CPU.ActiveCfg = Release|Any CPU
		{CDA066E1-97D6-431E-9DA4-CB24CD856F43}.Release|Any CPU.Build.0 = Release|Any CPU
		{FA17A474-0F02-4EF3-B7CE-812C043F2B29}.Debug|Any CPU.ActiveCfg = Debug|Any CPU
		{FA17A474-0F02-4EF3-B7CE-812C043F2B29}.Debug|Any CPU.Build.0 = Debug|Any CPU
		{FA17A474-0F02-4EF3-B7CE-812C043F2B29}.Release|Any CPU.ActiveCfg = Release|Any CPU
		{FA17A474-0F02-4EF3-B7CE-812C043F2B29}.Release|Any CPU.Build.0 = Release|Any CPU
		{F33B0337-2775-4EC2-849C-9094275BA2AA}.Debug|Any CPU.ActiveCfg = Debug|Any CPU
		{F33B0337-2775-4EC2-849C-9094275BA2AA}.Debug|Any CPU.Build.0 = Debug|Any CPU
		{F33B0337-2775-4EC2-849C-9094275BA2AA}.Release|Any CPU.ActiveCfg = Release|Any CPU
		{F33B0337-2775-4EC2-849C-9094275BA2AA}.Release|Any CPU.Build.0 = Release|Any CPU
		{395791A2-7F79-4162-A5B9-F83DF3225400}.Debug|Any CPU.ActiveCfg = Debug|Any CPU
		{395791A2-7F79-4162-A5B9-F83DF3225400}.Debug|Any CPU.Build.0 = Debug|Any CPU
		{395791A2-7F79-4162-A5B9-F83DF3225400}.Release|Any CPU.ActiveCfg = Release|Any CPU
		{395791A2-7F79-4162-A5B9-F83DF3225400}.Release|Any CPU.Build.0 = Release|Any CPU
		{40C0D453-4048-4BDF-9826-94EB591FA7F8}.Debug|Any CPU.ActiveCfg = Debug|Any CPU
		{40C0D453-4048-4BDF-9826-94EB591FA7F8}.Debug|Any CPU.Build.0 = Debug|Any CPU
		{40C0D453-4048-4BDF-9826-94EB591FA7F8}.Release|Any CPU.ActiveCfg = Release|Any CPU
		{40C0D453-4048-4BDF-9826-94EB591FA7F8}.Release|Any CPU.Build.0 = Release|Any CPU
		{5E7BB97D-F604-4F10-A6AB-B5C9141BBD15}.Debug|Any CPU.ActiveCfg = Debug|Any CPU
		{5E7BB97D-F604-4F10-A6AB-B5C9141BBD15}.Debug|Any CPU.Build.0 = Debug|Any CPU
		{5E7BB97D-F604-4F10-A6AB-B5C9141BBD15}.Release|Any CPU.ActiveCfg = Release|Any CPU
		{5E7BB97D-F604-4F10-A6AB-B5C9141BBD15}.Release|Any CPU.Build.0 = Release|Any CPU
		{804FA3AF-24BE-4947-9678-83DDA9F53A2B}.Debug|Any CPU.ActiveCfg = Debug|Any CPU
		{804FA3AF-24BE-4947-9678-83DDA9F53A2B}.Debug|Any CPU.Build.0 = Debug|Any CPU
		{804FA3AF-24BE-4947-9678-83DDA9F53A2B}.Release|Any CPU.ActiveCfg = Release|Any CPU
		{804FA3AF-24BE-4947-9678-83DDA9F53A2B}.Release|Any CPU.Build.0 = Release|Any CPU
		{D216FAF5-FAB2-4789-9EC7-DE265F7F84CC}.Debug|Any CPU.ActiveCfg = Debug|Any CPU
		{D216FAF5-FAB2-4789-9EC7-DE265F7F84CC}.Debug|Any CPU.Build.0 = Debug|Any CPU
		{D216FAF5-FAB2-4789-9EC7-DE265F7F84CC}.Release|Any CPU.ActiveCfg = Release|Any CPU
		{D216FAF5-FAB2-4789-9EC7-DE265F7F84CC}.Release|Any CPU.Build.0 = Release|Any CPU
		{DEB3674E-E506-441F-9F23-310C3EA7A12B}.Debug|Any CPU.ActiveCfg = Debug|Any CPU
		{DEB3674E-E506-441F-9F23-310C3EA7A12B}.Debug|Any CPU.Build.0 = Debug|Any CPU
		{DEB3674E-E506-441F-9F23-310C3EA7A12B}.Release|Any CPU.ActiveCfg = Release|Any CPU
		{DEB3674E-E506-441F-9F23-310C3EA7A12B}.Release|Any CPU.Build.0 = Release|Any CPU
		{77885035-1BB1-4FC0-BBDC-95A4CBEEE97F}.Debug|Any CPU.ActiveCfg = Debug|Any CPU
		{77885035-1BB1-4FC0-BBDC-95A4CBEEE97F}.Debug|Any CPU.Build.0 = Debug|Any CPU
		{77885035-1BB1-4FC0-BBDC-95A4CBEEE97F}.Release|Any CPU.ActiveCfg = Release|Any CPU
		{77885035-1BB1-4FC0-BBDC-95A4CBEEE97F}.Release|Any CPU.Build.0 = Release|Any CPU
		{45C07C42-A264-4D92-8CAD-B64FA20EB168}.Debug|Any CPU.ActiveCfg = Debug|Any CPU
		{45C07C42-A264-4D92-8CAD-B64FA20EB168}.Debug|Any CPU.Build.0 = Debug|Any CPU
		{45C07C42-A264-4D92-8CAD-B64FA20EB168}.Release|Any CPU.ActiveCfg = Release|Any CPU
		{45C07C42-A264-4D92-8CAD-B64FA20EB168}.Release|Any CPU.Build.0 = Release|Any CPU
		{7E192632-9A55-40B1-B2E0-A9D2B72F4C4C}.Debug|Any CPU.ActiveCfg = Debug|Any CPU
		{7E192632-9A55-40B1-B2E0-A9D2B72F4C4C}.Debug|Any CPU.Build.0 = Debug|Any CPU
		{7E192632-9A55-40B1-B2E0-A9D2B72F4C4C}.Release|Any CPU.ActiveCfg = Release|Any CPU
		{7E192632-9A55-40B1-B2E0-A9D2B72F4C4C}.Release|Any CPU.Build.0 = Release|Any CPU
		{C5032957-5840-4050-AC1A-68EF593D6AF5}.Debug|Any CPU.ActiveCfg = Debug|Any CPU
		{C5032957-5840-4050-AC1A-68EF593D6AF5}.Debug|Any CPU.Build.0 = Debug|Any CPU
		{C5032957-5840-4050-AC1A-68EF593D6AF5}.Release|Any CPU.ActiveCfg = Release|Any CPU
		{C5032957-5840-4050-AC1A-68EF593D6AF5}.Release|Any CPU.Build.0 = Release|Any CPU
		{64F9E187-D3A5-44ED-939A-894AE6D97A68}.Debug|Any CPU.ActiveCfg = Debug|Any CPU
		{64F9E187-D3A5-44ED-939A-894AE6D97A68}.Debug|Any CPU.Build.0 = Debug|Any CPU
		{64F9E187-D3A5-44ED-939A-894AE6D97A68}.Release|Any CPU.ActiveCfg = Release|Any CPU
		{64F9E187-D3A5-44ED-939A-894AE6D97A68}.Release|Any CPU.Build.0 = Release|Any CPU
	EndGlobalSection
	GlobalSection(NestedProjects) = preSolution
		{BBBA7E47-9371-477A-BE60-FE85EE3C6DC1} = {757C7B6F-2504-4B24-AF6E-1E3FBDC94C49}
		{ED433B54-28D4-4753-9227-859D651EBF58} = {757C7B6F-2504-4B24-AF6E-1E3FBDC94C49}
		{432BF1B2-0B2D-4419-B7B9-FBFB47AE2A2B} = {757C7B6F-2504-4B24-AF6E-1E3FBDC94C49}
		{7C5C00BF-28CC-4385-B173-F91644E5F268} = {B4D0F50D-B563-43A7-8E22-E018E4654FA4}
		{CDA066E1-97D6-431E-9DA4-CB24CD856F43} = {B4D0F50D-B563-43A7-8E22-E018E4654FA4}
		{FA17A474-0F02-4EF3-B7CE-812C043F2B29} = {B4D0F50D-B563-43A7-8E22-E018E4654FA4}
		{F33B0337-2775-4EC2-849C-9094275BA2AA} = {92BEE76B-1A3F-4427-A146-B9AF9A728529}
		{395791A2-7F79-4162-A5B9-F83DF3225400} = {92BEE76B-1A3F-4427-A146-B9AF9A728529}
		{40C0D453-4048-4BDF-9826-94EB591FA7F8} = {92BEE76B-1A3F-4427-A146-B9AF9A728529}
		{5E7BB97D-F604-4F10-A6AB-B5C9141BBD15} = {49DEB2BF-5A5F-4F96-AC8F-DD8165A61F7D}
		{804FA3AF-24BE-4947-9678-83DDA9F53A2B} = {49DEB2BF-5A5F-4F96-AC8F-DD8165A61F7D}
		{D216FAF5-FAB2-4789-9EC7-DE265F7F84CC} = {49DEB2BF-5A5F-4F96-AC8F-DD8165A61F7D}
		{DEB3674E-E506-441F-9F23-310C3EA7A12B} = {057C9926-1AD6-4E76-85BF-8AE01C0D1B87}
		{77885035-1BB1-4FC0-BBDC-95A4CBEEE97F} = {057C9926-1AD6-4E76-85BF-8AE01C0D1B87}
		{45C07C42-A264-4D92-8CAD-B64FA20EB168} = {057C9926-1AD6-4E76-85BF-8AE01C0D1B87}
		{7E192632-9A55-40B1-B2E0-A9D2B72F4C4C} = {2D334B61-B1DC-411A-A353-24EB09BA76B7}
		{C5032957-5840-4050-AC1A-68EF593D6AF5} = {2D334B61-B1DC-411A-A353-24EB09BA76B7}
		{64F9E187-D3A5-44ED-939A-894AE6D97A68} = {2D334B61-B1DC-411A-A353-24EB09BA76B7}
	EndGlobalSection
EndGlobal
